// !$*UTF8*$!
{
	archiveVersion = 1;
	classes = {
	};
	objectVersion = 50;
	objects = {

/* Begin PBXBuildFile section */
		F8CE667A251AB0FE00D926C8 /* AppDelegate.swift in Sources */ = {isa = PBXBuildFile; fileRef = F8CE6679251AB0FE00D926C8 /* AppDelegate.swift */; };
		F8CE667C251AB0FE00D926C8 /* SceneDelegate.swift in Sources */ = {isa = PBXBuildFile; fileRef = F8CE667B251AB0FE00D926C8 /* SceneDelegate.swift */; };
		F8CE667E251AB0FE00D926C8 /* ViewController.swift in Sources */ = {isa = PBXBuildFile; fileRef = F8CE667D251AB0FE00D926C8 /* ViewController.swift */; };
		F8CE6681251AB0FE00D926C8 /* Main.storyboard in Resources */ = {isa = PBXBuildFile; fileRef = F8CE667F251AB0FE00D926C8 /* Main.storyboard */; };
		F8CE6683251AB10100D926C8 /* Assets.xcassets in Resources */ = {isa = PBXBuildFile; fileRef = F8CE6682251AB10100D926C8 /* Assets.xcassets */; };
		F8CE6686251AB10100D926C8 /* LaunchScreen.storyboard in Resources */ = {isa = PBXBuildFile; fileRef = F8CE6684251AB10100D926C8 /* LaunchScreen.storyboard */; };
		F8FDE9C4251AB660002C9EDB /* AppCoordinator.swift in Sources */ = {isa = PBXBuildFile; fileRef = F8FDE9C3251AB660002C9EDB /* AppCoordinator.swift */; };
		F8FDE9C7251AB8CE002C9EDB /* EventListCoordinator.swift in Sources */ = {isa = PBXBuildFile; fileRef = F8FDE9C6251AB8CE002C9EDB /* EventListCoordinator.swift */; };
		F8FDE9CA251AB9D9002C9EDB /* EventListViewController.swift in Sources */ = {isa = PBXBuildFile; fileRef = F8FDE9C9251AB9D9002C9EDB /* EventListViewController.swift */; };
		F8FDE9CD251ABE6B002C9EDB /* UIColor+Extensions.swift in Sources */ = {isa = PBXBuildFile; fileRef = F8FDE9CC251ABE6B002C9EDB /* UIColor+Extensions.swift */; };
		F8FDE9D0251AEE2D002C9EDB /* EventsApp.xcdatamodeld in Sources */ = {isa = PBXBuildFile; fileRef = F8FDE9CE251AEE2D002C9EDB /* EventsApp.xcdatamodeld */; };
		F8FDE9D3251AEF34002C9EDB /* CoreDataManager.swift in Sources */ = {isa = PBXBuildFile; fileRef = F8FDE9D2251AEF34002C9EDB /* CoreDataManager.swift */; };
		F8FDE9D8251B7B76002C9EDB /* EventListViewModel.swift in Sources */ = {isa = PBXBuildFile; fileRef = F8FDE9D7251B7B76002C9EDB /* EventListViewModel.swift */; };
		F8FDE9DA251B7E5B002C9EDB /* AddEventCoordinator.swift in Sources */ = {isa = PBXBuildFile; fileRef = F8FDE9D9251B7E5B002C9EDB /* AddEventCoordinator.swift */; };
/* End PBXBuildFile section */

/* Begin PBXFileReference section */
		F8CE6676251AB0FE00D926C8 /* EventsApp.app */ = {isa = PBXFileReference; explicitFileType = wrapper.application; includeInIndex = 0; path = EventsApp.app; sourceTree = BUILT_PRODUCTS_DIR; };
		F8CE6679251AB0FE00D926C8 /* AppDelegate.swift */ = {isa = PBXFileReference; lastKnownFileType = sourcecode.swift; path = AppDelegate.swift; sourceTree = "<group>"; };
		F8CE667B251AB0FE00D926C8 /* SceneDelegate.swift */ = {isa = PBXFileReference; lastKnownFileType = sourcecode.swift; path = SceneDelegate.swift; sourceTree = "<group>"; };
		F8CE667D251AB0FE00D926C8 /* ViewController.swift */ = {isa = PBXFileReference; lastKnownFileType = sourcecode.swift; path = ViewController.swift; sourceTree = "<group>"; };
		F8CE6680251AB0FE00D926C8 /* Base */ = {isa = PBXFileReference; lastKnownFileType = file.storyboard; name = Base; path = Base.lproj/Main.storyboard; sourceTree = "<group>"; };
		F8CE6682251AB10100D926C8 /* Assets.xcassets */ = {isa = PBXFileReference; lastKnownFileType = folder.assetcatalog; path = Assets.xcassets; sourceTree = "<group>"; };
		F8CE6685251AB10100D926C8 /* Base */ = {isa = PBXFileReference; lastKnownFileType = file.storyboard; name = Base; path = Base.lproj/LaunchScreen.storyboard; sourceTree = "<group>"; };
		F8CE6687251AB10100D926C8 /* Info.plist */ = {isa = PBXFileReference; lastKnownFileType = text.plist.xml; path = Info.plist; sourceTree = "<group>"; };
		F8FDE9C3251AB660002C9EDB /* AppCoordinator.swift */ = {isa = PBXFileReference; lastKnownFileType = sourcecode.swift; path = AppCoordinator.swift; sourceTree = "<group>"; };
		F8FDE9C6251AB8CE002C9EDB /* EventListCoordinator.swift */ = {isa = PBXFileReference; lastKnownFileType = sourcecode.swift; path = EventListCoordinator.swift; sourceTree = "<group>"; };
		F8FDE9C9251AB9D9002C9EDB /* EventListViewController.swift */ = {isa = PBXFileReference; lastKnownFileType = sourcecode.swift; path = EventListViewController.swift; sourceTree = "<group>"; };
		F8FDE9CC251ABE6B002C9EDB /* UIColor+Extensions.swift */ = {isa = PBXFileReference; lastKnownFileType = sourcecode.swift; path = "UIColor+Extensions.swift"; sourceTree = "<group>"; };
		F8FDE9CF251AEE2D002C9EDB /* EventsApp.xcdatamodel */ = {isa = PBXFileReference; lastKnownFileType = wrapper.xcdatamodel; path = EventsApp.xcdatamodel; sourceTree = "<group>"; };
		F8FDE9D2251AEF34002C9EDB /* CoreDataManager.swift */ = {isa = PBXFileReference; lastKnownFileType = sourcecode.swift; path = CoreDataManager.swift; sourceTree = "<group>"; };
		F8FDE9D7251B7B76002C9EDB /* EventListViewModel.swift */ = {isa = PBXFileReference; lastKnownFileType = sourcecode.swift; path = EventListViewModel.swift; sourceTree = "<group>"; };
		F8FDE9D9251B7E5B002C9EDB /* AddEventCoordinator.swift */ = {isa = PBXFileReference; lastKnownFileType = sourcecode.swift; path = AddEventCoordinator.swift; sourceTree = "<group>"; };
/* End PBXFileReference section */

/* Begin PBXFrameworksBuildPhase section */
		F8CE6673251AB0FE00D926C8 /* Frameworks */ = {
			isa = PBXFrameworksBuildPhase;
			buildActionMask = 2147483647;
			files = (
			);
			runOnlyForDeploymentPostprocessing = 0;
		};
/* End PBXFrameworksBuildPhase section */

/* Begin PBXGroup section */
		F8CE666D251AB0FE00D926C8 = {
			isa = PBXGroup;
			children = (
				F8FDE9CE251AEE2D002C9EDB /* EventsApp.xcdatamodeld */,
				F8CE6678251AB0FE00D926C8 /* EventsApp */,
				F8CE6677251AB0FE00D926C8 /* Products */,
			);
			sourceTree = "<group>";
		};
		F8CE6677251AB0FE00D926C8 /* Products */ = {
			isa = PBXGroup;
			children = (
				F8CE6676251AB0FE00D926C8 /* EventsApp.app */,
			);
			name = Products;
			sourceTree = "<group>";
		};
		F8CE6678251AB0FE00D926C8 /* EventsApp */ = {
			isa = PBXGroup;
			children = (
				F8FDE9D6251B7B60002C9EDB /* ViewModel */,
				F8FDE9D1251AEF1E002C9EDB /* Models */,
				F8FDE9CB251ABE4A002C9EDB /* Extensions */,
				F8FDE9C8251AB99A002C9EDB /* Views */,
				F8FDE9C5251AB8B4002C9EDB /* Coordinators */,
				F8CE6679251AB0FE00D926C8 /* AppDelegate.swift */,
				F8CE667B251AB0FE00D926C8 /* SceneDelegate.swift */,
				F8CE6682251AB10100D926C8 /* Assets.xcassets */,
				F8CE6687251AB10100D926C8 /* Info.plist */,
			);
			path = EventsApp;
			sourceTree = "<group>";
		};
		F8FDE9C5251AB8B4002C9EDB /* Coordinators */ = {
			isa = PBXGroup;
			children = (
				F8FDE9C3251AB660002C9EDB /* AppCoordinator.swift */,
				F8FDE9C6251AB8CE002C9EDB /* EventListCoordinator.swift */,
				F8FDE9D9251B7E5B002C9EDB /* AddEventCoordinator.swift */,
			);
			path = Coordinators;
			sourceTree = "<group>";
		};
		F8FDE9C8251AB99A002C9EDB /* Views */ = {
			isa = PBXGroup;
			children = (
				F8CE667D251AB0FE00D926C8 /* ViewController.swift */,
				F8CE6684251AB10100D926C8 /* LaunchScreen.storyboard */,
				F8CE667F251AB0FE00D926C8 /* Main.storyboard */,
				F8FDE9C9251AB9D9002C9EDB /* EventListViewController.swift */,
			);
			path = Views;
			sourceTree = "<group>";
		};
		F8FDE9CB251ABE4A002C9EDB /* Extensions */ = {
			isa = PBXGroup;
			children = (
				F8FDE9CC251ABE6B002C9EDB /* UIColor+Extensions.swift */,
			);
			path = Extensions;
			sourceTree = "<group>";
		};
		F8FDE9D1251AEF1E002C9EDB /* Models */ = {
			isa = PBXGroup;
			children = (
				F8FDE9D2251AEF34002C9EDB /* CoreDataManager.swift */,
			);
			path = Models;
			sourceTree = "<group>";
		};
		F8FDE9D6251B7B60002C9EDB /* ViewModel */ = {
			isa = PBXGroup;
			children = (
				F8FDE9D7251B7B76002C9EDB /* EventListViewModel.swift */,
			);
			path = ViewModel;
			sourceTree = "<group>";
		};
/* End PBXGroup section */

/* Begin PBXNativeTarget section */
		F8CE6675251AB0FE00D926C8 /* EventsApp */ = {
			isa = PBXNativeTarget;
			buildConfigurationList = F8CE668A251AB10100D926C8 /* Build configuration list for PBXNativeTarget "EventsApp" */;
			buildPhases = (
				F8CE6672251AB0FE00D926C8 /* Sources */,
				F8CE6673251AB0FE00D926C8 /* Frameworks */,
				F8CE6674251AB0FE00D926C8 /* Resources */,
			);
			buildRules = (
			);
			dependencies = (
			);
			name = EventsApp;
			productName = EventsApp;
			productReference = F8CE6676251AB0FE00D926C8 /* EventsApp.app */;
			productType = "com.apple.product-type.application";
		};
/* End PBXNativeTarget section */

/* Begin PBXProject section */
		F8CE666E251AB0FE00D926C8 /* Project object */ = {
			isa = PBXProject;
			attributes = {
				LastSwiftUpdateCheck = 1200;
				LastUpgradeCheck = 1200;
				TargetAttributes = {
					F8CE6675251AB0FE00D926C8 = {
						CreatedOnToolsVersion = 12.0;
					};
				};
			};
			buildConfigurationList = F8CE6671251AB0FE00D926C8 /* Build configuration list for PBXProject "EventsApp" */;
			compatibilityVersion = "Xcode 9.3";
			developmentRegion = en;
			hasScannedForEncodings = 0;
			knownRegions = (
				en,
				Base,
			);
			mainGroup = F8CE666D251AB0FE00D926C8;
			productRefGroup = F8CE6677251AB0FE00D926C8 /* Products */;
			projectDirPath = "";
			projectRoot = "";
			targets = (
				F8CE6675251AB0FE00D926C8 /* EventsApp */,
			);
		};
/* End PBXProject section */

/* Begin PBXResourcesBuildPhase section */
		F8CE6674251AB0FE00D926C8 /* Resources */ = {
			isa = PBXResourcesBuildPhase;
			buildActionMask = 2147483647;
			files = (
				F8CE6686251AB10100D926C8 /* LaunchScreen.storyboard in Resources */,
				F8CE6683251AB10100D926C8 /* Assets.xcassets in Resources */,
				F8CE6681251AB0FE00D926C8 /* Main.storyboard in Resources */,
			);
			runOnlyForDeploymentPostprocessing = 0;
		};
/* End PBXResourcesBuildPhase section */

/* Begin PBXSourcesBuildPhase section */
		F8CE6672251AB0FE00D926C8 /* Sources */ = {
			isa = PBXSourcesBuildPhase;
			buildActionMask = 2147483647;
			files = (
				F8FDE9C4251AB660002C9EDB /* AppCoordinator.swift in Sources */,
				F8FDE9CA251AB9D9002C9EDB /* EventListViewController.swift in Sources */,
				F8CE667E251AB0FE00D926C8 /* ViewController.swift in Sources */,
				F8CE667A251AB0FE00D926C8 /* AppDelegate.swift in Sources */,
				F8FDE9D0251AEE2D002C9EDB /* EventsApp.xcdatamodeld in Sources */,
				F8FDE9CD251ABE6B002C9EDB /* UIColor+Extensions.swift in Sources */,
				F8FDE9D3251AEF34002C9EDB /* CoreDataManager.swift in Sources */,
				F8FDE9D8251B7B76002C9EDB /* EventListViewModel.swift in Sources */,
				F8CE667C251AB0FE00D926C8 /* SceneDelegate.swift in Sources */,
				F8FDE9DA251B7E5B002C9EDB /* AddEventCoordinator.swift in Sources */,
				F8FDE9C7251AB8CE002C9EDB /* EventListCoordinator.swift in Sources */,
			);
			runOnlyForDeploymentPostprocessing = 0;
		};
/* End PBXSourcesBuildPhase section */

/* Begin PBXVariantGroup section */
		F8CE667F251AB0FE00D926C8 /* Main.storyboard */ = {
			isa = PBXVariantGroup;
			children = (
				F8CE6680251AB0FE00D926C8 /* Base */,
			);
			name = Main.storyboard;
			sourceTree = "<group>";
		};
		F8CE6684251AB10100D926C8 /* LaunchScreen.storyboard */ = {
			isa = PBXVariantGroup;
			children = (
				F8CE6685251AB10100D926C8 /* Base */,
			);
			name = LaunchScreen.storyboard;
			sourceTree = "<group>";
		};
/* End PBXVariantGroup section */

/* Begin XCBuildConfiguration section */
		F8CE6688251AB10100D926C8 /* Debug */ = {
			isa = XCBuildConfiguration;
			buildSettings = {
				ALWAYS_SEARCH_USER_PATHS = NO;
				CLANG_ANALYZER_NONNULL = YES;
				CLANG_ANALYZER_NUMBER_OBJECT_CONVERSION = YES_AGGRESSIVE;
				CLANG_CXX_LANGUAGE_STANDARD = "gnu++14";
				CLANG_CXX_LIBRARY = "libc++";
				CLANG_ENABLE_MODULES = YES;
				CLANG_ENABLE_OBJC_ARC = YES;
				CLANG_ENABLE_OBJC_WEAK = YES;
				CLANG_WARN_BLOCK_CAPTURE_AUTORELEASING = YES;
				CLANG_WARN_BOOL_CONVERSION = YES;
				CLANG_WARN_COMMA = YES;
				CLANG_WARN_CONSTANT_CONVERSION = YES;
				CLANG_WARN_DEPRECATED_OBJC_IMPLEMENTATIONS = YES;
				CLANG_WARN_DIRECT_OBJC_ISA_USAGE = YES_ERROR;
				CLANG_WARN_DOCUMENTATION_COMMENTS = YES;
				CLANG_WARN_EMPTY_BODY = YES;
				CLANG_WARN_ENUM_CONVERSION = YES;
				CLANG_WARN_INFINITE_RECURSION = YES;
				CLANG_WARN_INT_CONVERSION = YES;
				CLANG_WARN_NON_LITERAL_NULL_CONVERSION = YES;
				CLANG_WARN_OBJC_IMPLICIT_RETAIN_SELF = YES;
				CLANG_WARN_OBJC_LITERAL_CONVERSION = YES;
				CLANG_WARN_OBJC_ROOT_CLASS = YES_ERROR;
				CLANG_WARN_QUOTED_INCLUDE_IN_FRAMEWORK_HEADER = YES;
				CLANG_WARN_RANGE_LOOP_ANALYSIS = YES;
				CLANG_WARN_STRICT_PROTOTYPES = YES;
				CLANG_WARN_SUSPICIOUS_MOVE = YES;
				CLANG_WARN_UNGUARDED_AVAILABILITY = YES_AGGRESSIVE;
				CLANG_WARN_UNREACHABLE_CODE = YES;
				CLANG_WARN__DUPLICATE_METHOD_MATCH = YES;
				COPY_PHASE_STRIP = NO;
				DEBUG_INFORMATION_FORMAT = dwarf;
				ENABLE_STRICT_OBJC_MSGSEND = YES;
				ENABLE_TESTABILITY = YES;
				GCC_C_LANGUAGE_STANDARD = gnu11;
				GCC_DYNAMIC_NO_PIC = NO;
				GCC_NO_COMMON_BLOCKS = YES;
				GCC_OPTIMIZATION_LEVEL = 0;
				GCC_PREPROCESSOR_DEFINITIONS = (
					"DEBUG=1",
					"$(inherited)",
				);
				GCC_WARN_64_TO_32_BIT_CONVERSION = YES;
				GCC_WARN_ABOUT_RETURN_TYPE = YES_ERROR;
				GCC_WARN_UNDECLARED_SELECTOR = YES;
				GCC_WARN_UNINITIALIZED_AUTOS = YES_AGGRESSIVE;
				GCC_WARN_UNUSED_FUNCTION = YES;
				GCC_WARN_UNUSED_VARIABLE = YES;
				IPHONEOS_DEPLOYMENT_TARGET = 14.0;
				MTL_ENABLE_DEBUG_INFO = INCLUDE_SOURCE;
				MTL_FAST_MATH = YES;
				ONLY_ACTIVE_ARCH = YES;
				SDKROOT = iphoneos;
				SWIFT_ACTIVE_COMPILATION_CONDITIONS = DEBUG;
				SWIFT_OPTIMIZATION_LEVEL = "-Onone";
			};
			name = Debug;
		};
		F8CE6689251AB10100D926C8 /* Release */ = {
			isa = XCBuildConfiguration;
			buildSettings = {
				ALWAYS_SEARCH_USER_PATHS = NO;
				CLANG_ANALYZER_NONNULL = YES;
				CLANG_ANALYZER_NUMBER_OBJECT_CONVERSION = YES_AGGRESSIVE;
				CLANG_CXX_LANGUAGE_STANDARD = "gnu++14";
				CLANG_CXX_LIBRARY = "libc++";
				CLANG_ENABLE_MODULES = YES;
				CLANG_ENABLE_OBJC_ARC = YES;
				CLANG_ENABLE_OBJC_WEAK = YES;
				CLANG_WARN_BLOCK_CAPTURE_AUTORELEASING = YES;
				CLANG_WARN_BOOL_CONVERSION = YES;
				CLANG_WARN_COMMA = YES;
				CLANG_WARN_CONSTANT_CONVERSION = YES;
				CLANG_WARN_DEPRECATED_OBJC_IMPLEMENTATIONS = YES;
				CLANG_WARN_DIRECT_OBJC_ISA_USAGE = YES_ERROR;
				CLANG_WARN_DOCUMENTATION_COMMENTS = YES;
				CLANG_WARN_EMPTY_BODY = YES;
				CLANG_WARN_ENUM_CONVERSION = YES;
				CLANG_WARN_INFINITE_RECURSION = YES;
				CLANG_WARN_INT_CONVERSION = YES;
				CLANG_WARN_NON_LITERAL_NULL_CONVERSION = YES;
				CLANG_WARN_OBJC_IMPLICIT_RETAIN_SELF = YES;
				CLANG_WARN_OBJC_LITERAL_CONVERSION = YES;
				CLANG_WARN_OBJC_ROOT_CLASS = YES_ERROR;
				CLANG_WARN_QUOTED_INCLUDE_IN_FRAMEWORK_HEADER = YES;
				CLANG_WARN_RANGE_LOOP_ANALYSIS = YES;
				CLANG_WARN_STRICT_PROTOTYPES = YES;
				CLANG_WARN_SUSPICIOUS_MOVE = YES;
				CLANG_WARN_UNGUARDED_AVAILABILITY = YES_AGGRESSIVE;
				CLANG_WARN_UNREACHABLE_CODE = YES;
				CLANG_WARN__DUPLICATE_METHOD_MATCH = YES;
				COPY_PHASE_STRIP = NO;
				DEBUG_INFORMATION_FORMAT = "dwarf-with-dsym";
				ENABLE_NS_ASSERTIONS = NO;
				ENABLE_STRICT_OBJC_MSGSEND = YES;
				GCC_C_LANGUAGE_STANDARD = gnu11;
				GCC_NO_COMMON_BLOCKS = YES;
				GCC_WARN_64_TO_32_BIT_CONVERSION = YES;
				GCC_WARN_ABOUT_RETURN_TYPE = YES_ERROR;
				GCC_WARN_UNDECLARED_SELECTOR = YES;
				GCC_WARN_UNINITIALIZED_AUTOS = YES_AGGRESSIVE;
				GCC_WARN_UNUSED_FUNCTION = YES;
				GCC_WARN_UNUSED_VARIABLE = YES;
				IPHONEOS_DEPLOYMENT_TARGET = 14.0;
				MTL_ENABLE_DEBUG_INFO = NO;
				MTL_FAST_MATH = YES;
				SDKROOT = iphoneos;
				SWIFT_COMPILATION_MODE = wholemodule;
				SWIFT_OPTIMIZATION_LEVEL = "-O";
				VALIDATE_PRODUCT = YES;
			};
			name = Release;
		};
		F8CE668B251AB10100D926C8 /* Debug */ = {
			isa = XCBuildConfiguration;
			buildSettings = {
				ASSETCATALOG_COMPILER_APPICON_NAME = AppIcon;
				ASSETCATALOG_COMPILER_GLOBAL_ACCENT_COLOR_NAME = AccentColor;
				CODE_SIGN_STYLE = Automatic;
				INFOPLIST_FILE = EventsApp/Info.plist;
				LD_RUNPATH_SEARCH_PATHS = (
					"$(inherited)",
					"@executable_path/Frameworks",
				);
				PRODUCT_BUNDLE_IDENTIFIER = com.raul.EventsApp;
				PRODUCT_NAME = "$(TARGET_NAME)";
				SWIFT_VERSION = 5.0;
				TARGETED_DEVICE_FAMILY = "1,2";
			};
			name = Debug;
		};
		F8CE668C251AB10100D926C8 /* Release */ = {
			isa = XCBuildConfiguration;
			buildSettings = {
				ASSETCATALOG_COMPILER_APPICON_NAME = AppIcon;
				ASSETCATALOG_COMPILER_GLOBAL_ACCENT_COLOR_NAME = AccentColor;
				CODE_SIGN_STYLE = Automatic;
				INFOPLIST_FILE = EventsApp/Info.plist;
				LD_RUNPATH_SEARCH_PATHS = (
					"$(inherited)",
					"@executable_path/Frameworks",
				);
				PRODUCT_BUNDLE_IDENTIFIER = com.raul.EventsApp;
				PRODUCT_NAME = "$(TARGET_NAME)";
				SWIFT_VERSION = 5.0;
				TARGETED_DEVICE_FAMILY = "1,2";
			};
			name = Release;
		};
/* End XCBuildConfiguration section */

/* Begin XCConfigurationList section */
		F8CE6671251AB0FE00D926C8 /* Build configuration list for PBXProject "EventsApp" */ = {
			isa = XCConfigurationList;
			buildConfigurations = (
				F8CE6688251AB10100D926C8 /* Debug */,
				F8CE6689251AB10100D926C8 /* Release */,
			);
			defaultConfigurationIsVisible = 0;
			defaultConfigurationName = Release;
		};
		F8CE668A251AB10100D926C8 /* Build configuration list for PBXNativeTarget "EventsApp" */ = {
			isa = XCConfigurationList;
			buildConfigurations = (
				F8CE668B251AB10100D926C8 /* Debug */,
				F8CE668C251AB10100D926C8 /* Release */,
			);
			defaultConfigurationIsVisible = 0;
			defaultConfigurationName = Release;
		};
/* End XCConfigurationList section */

/* Begin XCVersionGroup section */
		F8FDE9CE251AEE2D002C9EDB /* EventsApp.xcdatamodeld */ = {
			isa = XCVersionGroup;
			children = (
				F8FDE9CF251AEE2D002C9EDB /* EventsApp.xcdatamodel */,
			);
			currentVersion = F8FDE9CF251AEE2D002C9EDB /* EventsApp.xcdatamodel */;
			path = EventsApp.xcdatamodeld;
			sourceTree = "<group>";
			versionGroupType = wrapper.xcdatamodel;
		};
/* End XCVersionGroup section */
	};
	rootObject = F8CE666E251AB0FE00D926C8 /* Project object */;
}
